
Microsoft Visual Studio Solution File, Format Version 12.00
# Visual Studio Version 16
VisualStudioVersion = 16.0.32002.261
MinimumVisualStudioVersion = 10.0.40219.1
Project("{FAE04EC0-301F-11D3-BF4B-00C04F79EFBC}") = "ClassMetotDemo", "ClassMetotDemo\ClassMetotDemo.csproj", "{5F88229C-5118-444C-90FA-A1D0C79BA9A4}"
EndProject
Global
	GlobalSection(SolutionConfigurationPlatforms) = preSolution
		Debug|Any CPU = Debug|Any CPU
		Release|Any CPU = Release|Any CPU
	EndGlobalSection
	GlobalSection(ProjectConfigurationPlatforms) = postSolution
		{5F88229C-5118-444C-90FA-A1D0C79BA9A4}.Debug|Any CPU.ActiveCfg = Debug|Any CPU
		{5F88229C-5118-444C-90FA-A1D0C79BA9A4}.Debug|Any CPU.Build.0 = Debug|Any CPU
		{5F88229C-5118-444C-90FA-A1D0C79BA9A4}.Release|Any CPU.ActiveCfg = Release|Any CPU
		{5F88229C-5118-444C-90FA-A1D0C79BA9A4}.Release|Any CPU.Build.0 = Release|Any CPU
	EndGlobalSection
	GlobalSection(SolutionProperties) = preSolution
		HideSolutionNode = FALSE
	EndGlobalSection
	GlobalSection(ExtensibilityGlobals) = postSolution
		SolutionGuid = {1F8C801E-4C49-4388-A845-EA2F4D4D0BB7}
	EndGlobalSection
EndGlobal
